
Microsoft Visual Studio Solution File, Format Version 12.00
# Visual Studio Version 17
VisualStudioVersion = 17.14.36518.9 d17.14
MinimumVisualStudioVersion = 10.0.40219.1
Project("{FAE04EC0-301F-11D3-BF4B-00C04F79EFBC}") = "PaDgo", "PaDgo.csproj", "{C85C82AA-5C81-4189-934D-276A018FB0ED}"
EndProject
Global
	GlobalSection(SolutionConfigurationPlatforms) = preSolution
		Debug|Any CPU = Debug|Any CPU
		Release|Any CPU = Release|Any CPU
	EndGlobalSection
	GlobalSection(ProjectConfigurationPlatforms) = postSolution
		{C85C82AA-5C81-4189-934D-276A018FB0ED}.Debug|Any CPU.ActiveCfg = Debug|Any CPU
		{C85C82AA-5C81-4189-934D-276A018FB0ED}.Debug|Any CPU.Build.0 = Debug|Any CPU
		{C85C82AA-5C81-4189-934D-276A018FB0ED}.Release|Any CPU.ActiveCfg = Release|Any CPU
		{C85C82AA-5C81-4189-934D-276A018FB0ED}.Release|Any CPU.Build.0 = Release|Any CPU
	EndGlobalSection
	GlobalSection(SolutionProperties) = preSolution
		HideSolutionNode = FALSE
	EndGlobalSection
	GlobalSection(ExtensibilityGlobals) = postSolution
		SolutionGuid = {A2FA4836-06D0-4F20-86A0-B83A3AB33B5D}
	EndGlobalSection
EndGlobal
